
Microsoft Visual Studio Solution File, Format Version 12.00
# Visual Studio Version 17
VisualStudioVersion = 17.13.35806.99 d17.13
MinimumVisualStudioVersion = 10.0.40219.1
Project("{FAE04EC0-301F-11D3-BF4B-00C04F79EFBC}") = "AnyDeskLauncher", "AnyDeskLauncher\AnyDeskLauncher.csproj", "{A9107433-51EB-44C4-BD5E-DE785795CFD1}"
EndProject
Global
	GlobalSection(SolutionConfigurationPlatforms) = preSolution
		Debug|Any CPU = Debug|Any CPU
		Release|Any CPU = Release|Any CPU
	EndGlobalSection
	GlobalSection(ProjectConfigurationPlatforms) = postSolution
		{A9107433-51EB-44C4-BD5E-DE785795CFD1}.Debug|Any CPU.ActiveCfg = Debug|Any CPU
		{A9107433-51EB-44C4-BD5E-DE785795CFD1}.Debug|Any CPU.Build.0 = Debug|Any CPU
		{A9107433-51EB-44C4-BD5E-DE785795CFD1}.Release|Any CPU.ActiveCfg = Release|Any CPU
		{A9107433-51EB-44C4-BD5E-DE785795CFD1}.Release|Any CPU.Build.0 = Release|Any CPU
	EndGlobalSection
	GlobalSection(SolutionProperties) = preSolution
		HideSolutionNode = FALSE
	EndGlobalSection
	GlobalSection(ExtensibilityGlobals) = postSolution
		SolutionGuid = {E63DE89E-8AB5-4719-9752-65CF2ACD3EB0}
	EndGlobalSection
EndGlobal
